
Microsoft Visual Studio Solution File, Format Version 12.00
# Visual Studio Version 16
VisualStudioVersion = 16.0.31702.278
MinimumVisualStudioVersion = 10.0.40219.1
Project("{9A19103F-16F7-4668-BE54-9A1E7A4F7556}") = "Blog.Shared", "Blog.Shared\Blog.Shared.csproj", "{9AE2463D-4416-490F-AB1E-0A5079906B5D}"
EndProject
Project("{9A19103F-16F7-4668-BE54-9A1E7A4F7556}") = "Blog.Entities", "Blog.Entities\Blog.Entities.csproj", "{0D110982-1F50-4D47-843E-62B5C0EAFF30}"
EndProject
Project("{9A19103F-16F7-4668-BE54-9A1E7A4F7556}") = "Blog.DataAccess", "Blog.DataAccess\Blog.DataAccess.csproj", "{238D43AA-D9C9-4CAA-A5C7-E4C6F8BF819C}"
EndProject
Project("{9A19103F-16F7-4668-BE54-9A1E7A4F7556}") = "Blog.Business", "Blog.Business\Blog.Business.csproj", "{E34EA63C-3431-46E9-A7E9-2C1C5EFC5B0B}"
EndProject
Project("{9A19103F-16F7-4668-BE54-9A1E7A4F7556}") = "Blog.WebUI", "Blog.WebUI\Blog.WebUI.csproj", "{FD2087F0-8606-440E-96B6-667E0A58B14E}"
EndProject
Global
	GlobalSection(SolutionConfigurationPlatforms) = preSolution
		Debug|Any CPU = Debug|Any CPU
		Release|Any CPU = Release|Any CPU
	EndGlobalSection
	GlobalSection(ProjectConfigurationPlatforms) = postSolution
		{9AE2463D-4416-490F-AB1E-0A5079906B5D}.Debug|Any CPU.ActiveCfg = Debug|Any CPU
		{9AE2463D-4416-490F-AB1E-0A5079906B5D}.Debug|Any CPU.Build.0 = Debug|Any CPU
		{9AE2463D-4416-490F-AB1E-0A5079906B5D}.Release|Any CPU.ActiveCfg = Release|Any CPU
		{9AE2463D-4416-490F-AB1E-0A5079906B5D}.Release|Any CPU.Build.0 = Release|Any CPU
		{0D110982-1F50-4D47-843E-62B5C0EAFF30}.Debug|Any CPU.ActiveCfg = Debug|Any CPU
		{0D110982-1F50-4D47-843E-62B5C0EAFF30}.Debug|Any CPU.Build.0 = Debug|Any CPU
		{0D110982-1F50-4D47-843E-62B5C0EAFF30}.Release|Any CPU.ActiveCfg = Release|Any CPU
		{0D110982-1F50-4D47-843E-62B5C0EAFF30}.Release|Any CPU.Build.0 = Release|Any CPU
		{238D43AA-D9C9-4CAA-A5C7-E4C6F8BF819C}.Debug|Any CPU.ActiveCfg = Debug|Any CPU
		{238D43AA-D9C9-4CAA-A5C7-E4C6F8BF819C}.Debug|Any CPU.Build.0 = Debug|Any CPU
		{238D43AA-D9C9-4CAA-A5C7-E4C6F8BF819C}.Release|Any CPU.ActiveCfg = Release|Any CPU
		{238D43AA-D9C9-4CAA-A5C7-E4C6F8BF819C}.Release|Any CPU.Build.0 = Release|Any CPU
		{E34EA63C-3431-46E9-A7E9-2C1C5EFC5B0B}.Debug|Any CPU.ActiveCfg = Debug|Any CPU
		{E34EA63C-3431-46E9-A7E9-2C1C5EFC5B0B}.Debug|Any CPU.Build.0 = Debug|Any CPU
		{E34EA63C-3431-46E9-A7E9-2C1C5EFC5B0B}.Release|Any CPU.ActiveCfg = Release|Any CPU
		{E34EA63C-3431-46E9-A7E9-2C1C5EFC5B0B}.Release|Any CPU.Build.0 = Release|Any CPU
		{FD2087F0-8606-440E-96B6-667E0A58B14E}.Debug|Any CPU.ActiveCfg = Debug|Any CPU
		{FD2087F0-8606-440E-96B6-667E0A58B14E}.Debug|Any CPU.Build.0 = Debug|Any CPU
		{FD2087F0-8606-440E-96B6-667E0A58B14E}.Release|Any CPU.ActiveCfg = Release|Any CPU
		{FD2087F0-8606-440E-96B6-667E0A58B14E}.Release|Any CPU.Build.0 = Release|Any CPU
	EndGlobalSection
	GlobalSection(SolutionProperties) = preSolution
		HideSolutionNode = FALSE
	EndGlobalSection
	GlobalSection(ExtensibilityGlobals) = postSolution
		SolutionGuid = {90AD7F31-8A0F-4237-A192-CA1F5E364E36}
	EndGlobalSection
EndGlobal
